// !$*UTF8*$!
{
	archiveVersion = 1;
	classes = {
	};
	objectVersion = 52;
	objects = {

/* Begin PBXBuildFile section */
		DB62A77827444D0A0056607C /* OneSignalCoronaDelegate.m in Sources */ = {isa = PBXBuildFile; fileRef = DB62A77327444D0A0056607C /* OneSignalCoronaDelegate.m */; };
		DB62A77927444D0A0056607C /* OneSignal.mm in Sources */ = {isa = PBXBuildFile; fileRef = DB62A77427444D0A0056607C /* OneSignal.mm */; };
		DB62A7A527448B580056607C /* OneSignal.xcframework in Frameworks */ = {isa = PBXBuildFile; fileRef = DB62A7A427448B580056607C /* OneSignal.xcframework */; };
/* End PBXBuildFile section */

/* Begin PBXCopyFilesBuildPhase section */
		A4E253B4166D6FB300DCDC2C /* CopyFiles */ = {
			isa = PBXCopyFilesBuildPhase;
			buildActionMask = 2147483647;
			dstPath = "include/${PRODUCT_NAME}";
			dstSubfolderSpec = 16;
			files = (
			);
			runOnlyForDeploymentPostprocessing = 0;
		};
/* End PBXCopyFilesBuildPhase section */

/* Begin PBXFileReference section */
		A4E253B6166D6FB300DCDC2C /* libplugin_OneSignal.a */ = {isa = PBXFileReference; explicitFileType = archive.ar; includeInIndex = 0; path = libplugin_OneSignal.a; sourceTree = BUILT_PRODUCTS_DIR; };
		DB62A77127444D0A0056607C /* OneSignalHelper.h */ = {isa = PBXFileReference; fileEncoding = 4; lastKnownFileType = sourcecode.c.h; name = OneSignalHelper.h; path = Plugin/OneSignalHelper.h; sourceTree = "<group>"; };
		DB62A77227444D0A0056607C /* OneSignalCoronaDelegate.h */ = {isa = PBXFileReference; fileEncoding = 4; lastKnownFileType = sourcecode.c.h; name = OneSignalCoronaDelegate.h; path = Plugin/OneSignalCoronaDelegate.h; sourceTree = "<group>"; };
		DB62A77327444D0A0056607C /* OneSignalCoronaDelegate.m */ = {isa = PBXFileReference; fileEncoding = 4; lastKnownFileType = sourcecode.c.objc; name = OneSignalCoronaDelegate.m; path = Plugin/OneSignalCoronaDelegate.m; sourceTree = "<group>"; };
		DB62A77427444D0A0056607C /* OneSignal.mm */ = {isa = PBXFileReference; fileEncoding = 4; lastKnownFileType = sourcecode.cpp.objcpp; name = OneSignal.mm; path = Plugin/OneSignal.mm; sourceTree = "<group>"; };
		DB62A77527444D0A0056607C /* OneSignalTracker.h */ = {isa = PBXFileReference; fileEncoding = 4; lastKnownFileType = sourcecode.c.h; name = OneSignalTracker.h; path = Plugin/OneSignalTracker.h; sourceTree = "<group>"; };
		DB62A77627444D0A0056607C /* OneSignal.h */ = {isa = PBXFileReference; fileEncoding = 4; lastKnownFileType = sourcecode.c.h; name = OneSignal.h; path = Plugin/OneSignal.h; sourceTree = "<group>"; };
		DB62A77727444D0A0056607C /* OneSignalLocation.h */ = {isa = PBXFileReference; fileEncoding = 4; lastKnownFileType = sourcecode.c.h; name = OneSignalLocation.h; path = Plugin/OneSignalLocation.h; sourceTree = "<group>"; };
		DB62A77F274450100056607C /* Config.xcconfig */ = {isa = PBXFileReference; fileEncoding = 4; lastKnownFileType = text.xcconfig; path = Config.xcconfig; sourceTree = "<group>"; };
		DB62A7A427448B580056607C /* OneSignal.xcframework */ = {isa = PBXFileReference; lastKnownFileType = wrapper.xcframework; name = OneSignal.xcframework; path = EmbeddedFrameworks/OneSignal.xcframework; sourceTree = "<group>"; };
/* End PBXFileReference section */

/* Begin PBXFrameworksBuildPhase section */
		A4E253B3166D6FB300DCDC2C /* Frameworks */ = {
			isa = PBXFrameworksBuildPhase;
			buildActionMask = 2147483647;
			files = (
				DB62A7A527448B580056607C /* OneSignal.xcframework in Frameworks */,
			);
			runOnlyForDeploymentPostprocessing = 0;
		};
/* End PBXFrameworksBuildPhase section */

/* Begin PBXGroup section */
		032850A31FCA0A1500690553 /* Frameworks */ = {
			isa = PBXGroup;
			children = (
			);
			name = Frameworks;
			sourceTree = "<group>";
		};
		A447B609165D72A6009EA762 /* shared */ = {
			isa = PBXGroup;
			children = (
				DB62A77627444D0A0056607C /* OneSignal.h */,
				DB62A77427444D0A0056607C /* OneSignal.mm */,
				DB62A77227444D0A0056607C /* OneSignalCoronaDelegate.h */,
				DB62A77327444D0A0056607C /* OneSignalCoronaDelegate.m */,
				DB62A77127444D0A0056607C /* OneSignalHelper.h */,
				DB62A77727444D0A0056607C /* OneSignalLocation.h */,
				DB62A77527444D0A0056607C /* OneSignalTracker.h */,
			);
			name = shared;
			sourceTree = "<group>";
		};
		A484110E15114F700074BD57 = {
			isa = PBXGroup;
			children = (
				DB62A7A427448B580056607C /* OneSignal.xcframework */,
				DB62A77F274450100056607C /* Config.xcconfig */,
				A447B609165D72A6009EA762 /* shared */,
				A484111A15114F700074BD57 /* Products */,
				032850A31FCA0A1500690553 /* Frameworks */,
			);
			sourceTree = "<group>";
		};
		A484111A15114F700074BD57 /* Products */ = {
			isa = PBXGroup;
			children = (
				A4E253B6166D6FB300DCDC2C /* libplugin_OneSignal.a */,
			);
			name = Products;
			sourceTree = "<group>";
		};
/* End PBXGroup section */

/* Begin PBXNativeTarget section */
		A4E253B5166D6FB300DCDC2C /* plugin_OneSignal */ = {
			isa = PBXNativeTarget;
			buildConfigurationList = A4E253BF166D6FB300DCDC2C /* Build configuration list for PBXNativeTarget "plugin_OneSignal" */;
			buildPhases = (
				A4E253B2166D6FB300DCDC2C /* Sources */,
				A4E253B3166D6FB300DCDC2C /* Frameworks */,
				A4E253B4166D6FB300DCDC2C /* CopyFiles */,
			);
			buildRules = (
			);
			dependencies = (
			);
			name = plugin_OneSignal;
			productName = plugin_library;
			productReference = A4E253B6166D6FB300DCDC2C /* libplugin_OneSignal.a */;
			productType = "com.apple.product-type.library.static";
		};
/* End PBXNativeTarget section */

/* Begin PBXProject section */
		A484111015114F700074BD57 /* Project object */ = {
			isa = PBXProject;
			attributes = {
				LastUpgradeCheck = 0420;
			};
			buildConfigurationList = A484111315114F700074BD57 /* Build configuration list for PBXProject "Plugin" */;
			compatibilityVersion = "Xcode 3.2";
			developmentRegion = English;
			hasScannedForEncodings = 0;
			knownRegions = (
				English,
				en,
			);
			mainGroup = A484110E15114F700074BD57;
			productRefGroup = A484111A15114F700074BD57 /* Products */;
			projectDirPath = "";
			projectRoot = "";
			targets = (
				A4E253B5166D6FB300DCDC2C /* plugin_OneSignal */,
			);
		};
/* End PBXProject section */

/* Begin PBXSourcesBuildPhase section */
		A4E253B2166D6FB300DCDC2C /* Sources */ = {
			isa = PBXSourcesBuildPhase;
			buildActionMask = 2147483647;
			files = (
				DB62A77827444D0A0056607C /* OneSignalCoronaDelegate.m in Sources */,
				DB62A77927444D0A0056607C /* OneSignal.mm in Sources */,
			);
			runOnlyForDeploymentPostprocessing = 0;
		};
/* End PBXSourcesBuildPhase section */

/* Begin XCBuildConfiguration section */
		A484114015114F700074BD57 /* Debug */ = {
			isa = XCBuildConfiguration;
			buildSettings = {
				ALWAYS_SEARCH_USER_PATHS = NO;
				"ARCHS[sdk=iphoneos*]" = "$(ARCHS_STANDARD)";
				"CODE_SIGN_IDENTITY[sdk=iphoneos*]" = "iPhone Developer";
				COPY_PHASE_STRIP = NO;
				CORONA_ROOT = "$/Library/Application Support/Corona/Native";
				FRAMEWORK_SEARCH_PATHS = (
					"$(inherited)",
					"$(PROJECT_DIR)/EmbeddedFrameworks",
				);
				GCC_C_LANGUAGE_STANDARD = gnu99;
				GCC_DYNAMIC_NO_PIC = NO;
				GCC_OPTIMIZATION_LEVEL = 0;
				GCC_PREPROCESSOR_DEFINITIONS = (
					"DEBUG=1",
					"$(inherited)",
				);
				GCC_SYMBOLS_PRIVATE_EXTERN = NO;
				GCC_VERSION = com.apple.compilers.llvm.clang.1_0;
				GCC_WARN_ABOUT_MISSING_PROTOTYPES = YES;
				GCC_WARN_ABOUT_RETURN_TYPE = YES;
				GCC_WARN_UNUSED_VARIABLE = YES;
				HEADER_SEARCH_PATHS = (
					"$(inherited)",
					"\"$(CORONA_ROOT)/Corona/shared/include/Corona\"",
					"\"$(CORONA_ROOT)/Corona/shared/include/lua\"",
					"\"$(CORONA_ROOT)/Corona/ios/include/Corona\"",
				);
				IPHONEOS_DEPLOYMENT_TARGET = 10.0;
				LIBRARY_SEARCH_PATHS = (
					"$(inherited)",
					"\"$(CORONA_ROOT)/Corona/ios/lib\"",
				);
				SDKROOT = iphoneos;
				TARGETED_DEVICE_FAMILY = "1,2";
				USER_HEADER_SEARCH_PATHS = (
					"${SRCROOT}/Corona/shared/include/Corona",
					"${SRCROOT}/Corona/shared/include/lua",
					"${SRCROOT}/Corona/ios/include/Corona",
				);
			};
			name = Debug;
		};
		A484114115114F700074BD57 /* Release */ = {
			isa = XCBuildConfiguration;
			buildSettings = {
				ALWAYS_SEARCH_USER_PATHS = NO;
				"ARCHS[sdk=iphoneos*]" = "$(ARCHS_STANDARD)";
				"CODE_SIGN_IDENTITY[sdk=iphoneos*]" = "iPhone Developer";
				COPY_PHASE_STRIP = YES;
				CORONA_ROOT = "$/Library/Application Support/Corona/Native";
				FRAMEWORK_SEARCH_PATHS = (
					"$(inherited)",
					"$(PROJECT_DIR)/EmbeddedFrameworks",
				);
				GCC_C_LANGUAGE_STANDARD = gnu99;
				GCC_VERSION = com.apple.compilers.llvm.clang.1_0;
				GCC_WARN_ABOUT_MISSING_PROTOTYPES = YES;
				GCC_WARN_ABOUT_RETURN_TYPE = YES;
				GCC_WARN_UNUSED_VARIABLE = YES;
				HEADER_SEARCH_PATHS = (
					"$(inherited)",
					"\"$(CORONA_ROOT)/Corona/shared/include/Corona\"",
					"\"$(CORONA_ROOT)/Corona/shared/include/lua\"",
					"\"$(CORONA_ROOT)/Corona/ios/include/Corona\"",
				);
				IPHONEOS_DEPLOYMENT_TARGET = 10.0;
				"IPHONEOS_DEPLOYMENT_TARGET[sdk=iphoneos*]" = 10.0;
				LIBRARY_SEARCH_PATHS = (
					"$(inherited)",
					"\"$(CORONA_ROOT)/Corona/ios/lib\"",
				);
				OTHER_CFLAGS = "-DNS_BLOCK_ASSERTIONS=1";
				SDKROOT = iphoneos;
				TARGETED_DEVICE_FAMILY = "1,2";
				USER_HEADER_SEARCH_PATHS = (
					"${SRCROOT}/Corona/shared/include/Corona",
					"${SRCROOT}/Corona/shared/include/lua",
					"${SRCROOT}/Corona/ios/include/Corona",
				);
				VALIDATE_PRODUCT = YES;
			};
			name = Release;
		};
		A4E253C0166D6FB300DCDC2C /* Debug */ = {
			isa = XCBuildConfiguration;
			buildSettings = {
				CLANG_WARN_EMPTY_BODY = YES;
				CLANG_WARN__DUPLICATE_METHOD_MATCH = YES;
				CORONA_ROOT = "$HOME/Library/Application Support/Corona/Native";
				FRAMEWORK_SEARCH_PATHS = (
					"$(inherited)",
					"$(PROJECT_DIR)/lib",
					"$(PROJECT_DIR)/../../../../../OneSignal-iOS-SDK/iOS_SDK/OneSignalSDK/Framework",
				);
				GCC_PRECOMPILE_PREFIX_HEADER = NO;
				GCC_WARN_UNINITIALIZED_AUTOS = YES;
				IPHONEOS_DEPLOYMENT_TARGET = 10.0;
				LIBRARY_SEARCH_PATHS = (
					"$(inherited)",
					"\"$(CORONA_ROOT)/Corona/ios/lib\"",
					"$(PROJECT_DIR)/EmbeddedFrameworks",
				);
				OTHER_LDFLAGS = "-ObjC";
				PRODUCT_NAME = "$(TARGET_NAME)";
				SKIP_INSTALL = YES;
				USER_HEADER_SEARCH_PATHS = (
					"${SRCROOT}/Corona/shared/include/Corona",
					"${SRCROOT}/Corona/shared/include/lua",
					"${SRCROOT}/Corona/ios/include/Corona",
				);
			};
			name = Debug;
		};
		A4E253C1166D6FB300DCDC2C /* Release */ = {
			isa = XCBuildConfiguration;
			buildSettings = {
				CLANG_WARN_EMPTY_BODY = YES;
				CLANG_WARN__DUPLICATE_METHOD_MATCH = YES;
				CORONA_ROOT = "$HOME/Library/Application Support/Corona/Native";
				FRAMEWORK_SEARCH_PATHS = (
					"$(inherited)",
					"$(PROJECT_DIR)/lib",
					"$(PROJECT_DIR)/../../../../../OneSignal-iOS-SDK/iOS_SDK/OneSignalSDK/Framework",
				);
				GCC_PRECOMPILE_PREFIX_HEADER = NO;
				GCC_WARN_UNINITIALIZED_AUTOS = YES;
				IPHONEOS_DEPLOYMENT_TARGET = 10.0;
				LIBRARY_SEARCH_PATHS = (
					"$(inherited)",
					"\"$(CORONA_ROOT)/Corona/ios/lib\"",
					"$(PROJECT_DIR)/EmbeddedFrameworks",
				);
				OTHER_LDFLAGS = "-ObjC";
				PRODUCT_NAME = "$(TARGET_NAME)";
				SKIP_INSTALL = YES;
				USER_HEADER_SEARCH_PATHS = (
					"${SRCROOT}/Corona/shared/include/Corona",
					"${SRCROOT}/Corona/shared/include/lua",
					"${SRCROOT}/Corona/ios/include/Corona",
				);
			};
			name = Release;
		};
/* End XCBuildConfiguration section */

/* Begin XCConfigurationList section */
		A484111315114F700074BD57 /* Build configuration list for PBXProject "Plugin" */ = {
			isa = XCConfigurationList;
			buildConfigurations = (
				A484114015114F700074BD57 /* Debug */,
				A484114115114F700074BD57 /* Release */,
			);
			defaultConfigurationIsVisible = 0;
			defaultConfigurationName = Release;
		};
		A4E253BF166D6FB300DCDC2C /* Build configuration list for PBXNativeTarget "plugin_OneSignal" */ = {
			isa = XCConfigurationList;
			buildConfigurations = (
				A4E253C0166D6FB300DCDC2C /* Debug */,
				A4E253C1166D6FB300DCDC2C /* Release */,
			);
			defaultConfigurationIsVisible = 0;
			defaultConfigurationName = Release;
		};
/* End XCConfigurationList section */
	};
	rootObject = A484111015114F700074BD57 /* Project object */;
}
